// !$*UTF8*$!
{
	archiveVersion = 1;
	classes = {
	};
	objectVersion = 56;
	objects = {

/* Begin PBXBuildFile section */
		CED381AC29C4A61000AE6E5C /* BDTenderApp.swift in Sources */ = {isa = PBXBuildFile; fileRef = CED381AB29C4A61000AE6E5C /* BDTenderApp.swift */; };
		CED381AE29C4A61000AE6E5C /* ContentView.swift in Sources */ = {isa = PBXBuildFile; fileRef = CED381AD29C4A61000AE6E5C /* ContentView.swift */; };
		CED381B029C4A61200AE6E5C /* Assets.xcassets in Resources */ = {isa = PBXBuildFile; fileRef = CED381AF29C4A61200AE6E5C /* Assets.xcassets */; };
		CED381B329C4A61200AE6E5C /* Preview Assets.xcassets in Resources */ = {isa = PBXBuildFile; fileRef = CED381B229C4A61200AE6E5C /* Preview Assets.xcassets */; };
		CED381BD29C4A61300AE6E5C /* BDTenderTests.swift in Sources */ = {isa = PBXBuildFile; fileRef = CED381BC29C4A61300AE6E5C /* BDTenderTests.swift */; };
		CED381C729C4A61300AE6E5C /* BDTenderUITests.swift in Sources */ = {isa = PBXBuildFile; fileRef = CED381C629C4A61300AE6E5C /* BDTenderUITests.swift */; };
		CED381C929C4A61300AE6E5C /* BDTenderUITestsLaunchTests.swift in Sources */ = {isa = PBXBuildFile; fileRef = CED381C829C4A61300AE6E5C /* BDTenderUITestsLaunchTests.swift */; };
/* End PBXBuildFile section */

/* Begin PBXContainerItemProxy section */
		CED381B929C4A61300AE6E5C /* PBXContainerItemProxy */ = {
			isa = PBXContainerItemProxy;
			containerPortal = CED381A029C4A61000AE6E5C /* Project object */;
			proxyType = 1;
			remoteGlobalIDString = CED381A729C4A61000AE6E5C;
			remoteInfo = BDTender;
		};
		CED381C329C4A61300AE6E5C /* PBXContainerItemProxy */ = {
			isa = PBXContainerItemProxy;
			containerPortal = CED381A029C4A61000AE6E5C /* Project object */;
			proxyType = 1;
			remoteGlobalIDString = CED381A729C4A61000AE6E5C;
			remoteInfo = BDTender;
		};
/* End PBXContainerItemProxy section */

/* Begin PBXFileReference section */
		CED381A829C4A61000AE6E5C /* BDTender.app */ = {isa = PBXFileReference; explicitFileType = wrapper.application; includeInIndex = 0; path = BDTender.app; sourceTree = BUILT_PRODUCTS_DIR; };
		CED381AB29C4A61000AE6E5C /* BDTenderApp.swift */ = {isa = PBXFileReference; lastKnownFileType = sourcecode.swift; path = BDTenderApp.swift; sourceTree = "<group>"; };
		CED381AD29C4A61000AE6E5C /* ContentView.swift */ = {isa = PBXFileReference; lastKnownFileType = sourcecode.swift; path = ContentView.swift; sourceTree = "<group>"; };
		CED381AF29C4A61200AE6E5C /* Assets.xcassets */ = {isa = PBXFileReference; lastKnownFileType = folder.assetcatalog; path = Assets.xcassets; sourceTree = "<group>"; };
		CED381B229C4A61200AE6E5C /* Preview Assets.xcassets */ = {isa = PBXFileReference; lastKnownFileType = folder.assetcatalog; path = "Preview Assets.xcassets"; sourceTree = "<group>"; };
		CED381B829C4A61300AE6E5C /* BDTenderTests.xctest */ = {isa = PBXFileReference; explicitFileType = wrapper.cfbundle; includeInIndex = 0; path = BDTenderTests.xctest; sourceTree = BUILT_PRODUCTS_DIR; };
		CED381BC29C4A61300AE6E5C /* BDTenderTests.swift */ = {isa = PBXFileReference; lastKnownFileType = sourcecode.swift; path = BDTenderTests.swift; sourceTree = "<group>"; };
		CED381C229C4A61300AE6E5C /* BDTenderUITests.xctest */ = {isa = PBXFileReference; explicitFileType = wrapper.cfbundle; includeInIndex = 0; path = BDTenderUITests.xctest; sourceTree = BUILT_PRODUCTS_DIR; };
		CED381C629C4A61300AE6E5C /* BDTenderUITests.swift */ = {isa = PBXFileReference; lastKnownFileType = sourcecode.swift; path = BDTenderUITests.swift; sourceTree = "<group>"; };
		CED381C829C4A61300AE6E5C /* BDTenderUITestsLaunchTests.swift */ = {isa = PBXFileReference; lastKnownFileType = sourcecode.swift; path = BDTenderUITestsLaunchTests.swift; sourceTree = "<group>"; };
/* End PBXFileReference section */

/* Begin PBXFrameworksBuildPhase section */
		CED381A529C4A61000AE6E5C /* Frameworks */ = {
			isa = PBXFrameworksBuildPhase;
			buildActionMask = 2147483647;
			files = (
			);
			runOnlyForDeploymentPostprocessing = 0;
		};
		CED381B529C4A61300AE6E5C /* Frameworks */ = {
			isa = PBXFrameworksBuildPhase;
			buildActionMask = 2147483647;
			files = (
			);
			runOnlyForDeploymentPostprocessing = 0;
		};
		CED381BF29C4A61300AE6E5C /* Frameworks */ = {
			isa = PBXFrameworksBuildPhase;
			buildActionMask = 2147483647;
			files = (
			);
			runOnlyForDeploymentPostprocessing = 0;
		};
/* End PBXFrameworksBuildPhase section */

/* Begin PBXGroup section */
		CED3819F29C4A61000AE6E5C = {
			isa = PBXGroup;
			children = (
				CED381AA29C4A61000AE6E5C /* BDTender */,
				CED381BB29C4A61300AE6E5C /* BDTenderTests */,
				CED381C529C4A61300AE6E5C /* BDTenderUITests */,
				CED381A929C4A61000AE6E5C /* Products */,
			);
			sourceTree = "<group>";
		};
		CED381A929C4A61000AE6E5C /* Products */ = {
			isa = PBXGroup;
			children = (
				CED381A829C4A61000AE6E5C /* BDTender.app */,
				CED381B829C4A61300AE6E5C /* BDTenderTests.xctest */,
				CED381C229C4A61300AE6E5C /* BDTenderUITests.xctest */,
			);
			name = Products;
			sourceTree = "<group>";
		};
		CED381AA29C4A61000AE6E5C /* BDTender */ = {
			isa = PBXGroup;
			children = (
				CED381AB29C4A61000AE6E5C /* BDTenderApp.swift */,
				CED381AD29C4A61000AE6E5C /* ContentView.swift */,
				CED381AF29C4A61200AE6E5C /* Assets.xcassets */,
				CED381B129C4A61200AE6E5C /* Preview Content */,
			);
			path = BDTender;
			sourceTree = "<group>";
		};
		CED381B129C4A61200AE6E5C /* Preview Content */ = {
			isa = PBXGroup;
			children = (
				CED381B229C4A61200AE6E5C /* Preview Assets.xcassets */,
			);
			path = "Preview Content";
			sourceTree = "<group>";
		};
		CED381BB29C4A61300AE6E5C /* BDTenderTests */ = {
			isa = PBXGroup;
			children = (
				CED381BC29C4A61300AE6E5C /* BDTenderTests.swift */,
			);
			path = BDTenderTests;
			sourceTree = "<group>";
		};
		CED381C529C4A61300AE6E5C /* BDTenderUITests */ = {
			isa = PBXGroup;
			children = (
				CED381C629C4A61300AE6E5C /* BDTenderUITests.swift */,
				CED381C829C4A61300AE6E5C /* BDTenderUITestsLaunchTests.swift */,
			);
			path = BDTenderUITests;
			sourceTree = "<group>";
		};
/* End PBXGroup section */

/* Begin PBXNativeTarget section */
		CED381A729C4A61000AE6E5C /* BDTender */ = {
			isa = PBXNativeTarget;
			buildConfigurationList = CED381CC29C4A61300AE6E5C /* Build configuration list for PBXNativeTarget "BDTender" */;
			buildPhases = (
				CED381A429C4A61000AE6E5C /* Sources */,
				CED381A529C4A61000AE6E5C /* Frameworks */,
				CED381A629C4A61000AE6E5C /* Resources */,
			);
			buildRules = (
			);
			dependencies = (
			);
			name = BDTender;
			productName = BDTender;
			productReference = CED381A829C4A61000AE6E5C /* BDTender.app */;
			productType = "com.apple.product-type.application";
		};
		CED381B729C4A61300AE6E5C /* BDTenderTests */ = {
			isa = PBXNativeTarget;
			buildConfigurationList = CED381CF29C4A61300AE6E5C /* Build configuration list for PBXNativeTarget "BDTenderTests" */;
			buildPhases = (
				CED381B429C4A61300AE6E5C /* Sources */,
				CED381B529C4A61300AE6E5C /* Frameworks */,
				CED381B629C4A61300AE6E5C /* Resources */,
			);
			buildRules = (
			);
			dependencies = (
				CED381BA29C4A61300AE6E5C /* PBXTargetDependency */,
			);
			name = BDTenderTests;
			productName = BDTenderTests;
			productReference = CED381B829C4A61300AE6E5C /* BDTenderTests.xctest */;
			productType = "com.apple.product-type.bundle.unit-test";
		};
		CED381C129C4A61300AE6E5C /* BDTenderUITests */ = {
			isa = PBXNativeTarget;
			buildConfigurationList = CED381D229C4A61300AE6E5C /* Build configuration list for PBXNativeTarget "BDTenderUITests" */;
			buildPhases = (
				CED381BE29C4A61300AE6E5C /* Sources */,
				CED381BF29C4A61300AE6E5C /* Frameworks */,
				CED381C029C4A61300AE6E5C /* Resources */,
			);
			buildRules = (
			);
			dependencies = (
				CED381C429C4A61300AE6E5C /* PBXTargetDependency */,
			);
			name = BDTenderUITests;
			productName = BDTenderUITests;
			productReference = CED381C229C4A61300AE6E5C /* BDTenderUITests.xctest */;
			productType = "com.apple.product-type.bundle.ui-testing";
		};
/* End PBXNativeTarget section */

/* Begin PBXProject section */
		CED381A029C4A61000AE6E5C /* Project object */ = {
			isa = PBXProject;
			attributes = {
				BuildIndependentTargetsInParallel = 1;
				LastSwiftUpdateCheck = 1420;
				LastUpgradeCheck = 1420;
				TargetAttributes = {
					CED381A729C4A61000AE6E5C = {
						CreatedOnToolsVersion = 14.2;
					};
					CED381B729C4A61300AE6E5C = {
						CreatedOnToolsVersion = 14.2;
						TestTargetID = CED381A729C4A61000AE6E5C;
					};
					CED381C129C4A61300AE6E5C = {
						CreatedOnToolsVersion = 14.2;
						TestTargetID = CED381A729C4A61000AE6E5C;
					};
				};
			};
			buildConfigurationList = CED381A329C4A61000AE6E5C /* Build configuration list for PBXProject "BDTender" */;
			compatibilityVersion = "Xcode 14.0";
			developmentRegion = en;
			hasScannedForEncodings = 0;
			knownRegions = (
				en,
				Base,
			);
			mainGroup = CED3819F29C4A61000AE6E5C;
			productRefGroup = CED381A929C4A61000AE6E5C /* Products */;
			projectDirPath = "";
			projectRoot = "";
			targets = (
				CED381A729C4A61000AE6E5C /* BDTender */,
				CED381B729C4A61300AE6E5C /* BDTenderTests */,
				CED381C129C4A61300AE6E5C /* BDTenderUITests */,
			);
		};
/* End PBXProject section */

/* Begin PBXResourcesBuildPhase section */
		CED381A629C4A61000AE6E5C /* Resources */ = {
			isa = PBXResourcesBuildPhase;
			buildActionMask = 2147483647;
			files = (
				CED381B329C4A61200AE6E5C /* Preview Assets.xcassets in Resources */,
				CED381B029C4A61200AE6E5C /* Assets.xcassets in Resources */,
			);
			runOnlyForDeploymentPostprocessing = 0;
		};
		CED381B629C4A61300AE6E5C /* Resources */ = {
			isa = PBXResourcesBuildPhase;
			buildActionMask = 2147483647;
			files = (
			);
			runOnlyForDeploymentPostprocessing = 0;
		};
		CED381C029C4A61300AE6E5C /* Resources */ = {
			isa = PBXResourcesBuildPhase;
			buildActionMask = 2147483647;
			files = (
			);
			runOnlyForDeploymentPostprocessing = 0;
		};
/* End PBXResourcesBuildPhase section */

/* Begin PBXSourcesBuildPhase section */
		CED381A429C4A61000AE6E5C /* Sources */ = {
			isa = PBXSourcesBuildPhase;
			buildActionMask = 2147483647;
			files = (
				CED381AE29C4A61000AE6E5C /* ContentView.swift in Sources */,
				CED381AC29C4A61000AE6E5C /* BDTenderApp.swift in Sources */,
			);
			runOnlyForDeploymentPostprocessing = 0;
		};
		CED381B429C4A61300AE6E5C /* Sources */ = {
			isa = PBXSourcesBuildPhase;
			buildActionMask = 2147483647;
			files = (
				CED381BD29C4A61300AE6E5C /* BDTenderTests.swift in Sources */,
			);
			runOnlyForDeploymentPostprocessing = 0;
		};
		CED381BE29C4A61300AE6E5C /* Sources */ = {
			isa = PBXSourcesBuildPhase;
			buildActionMask = 2147483647;
			files = (
				CED381C929C4A61300AE6E5C /* BDTenderUITestsLaunchTests.swift in Sources */,
				CED381C729C4A61300AE6E5C /* BDTenderUITests.swift in Sources */,
			);
			runOnlyForDeploymentPostprocessing = 0;
		};
/* End PBXSourcesBuildPhase section */

/* Begin PBXTargetDependency section */
		CED381BA29C4A61300AE6E5C /* PBXTargetDependency */ = {
			isa = PBXTargetDependency;
			target = CED381A729C4A61000AE6E5C /* BDTender */;
			targetProxy = CED381B929C4A61300AE6E5C /* PBXContainerItemProxy */;
		};
		CED381C429C4A61300AE6E5C /* PBXTargetDependency */ = {
			isa = PBXTargetDependency;
			target = CED381A729C4A61000AE6E5C /* BDTender */;
			targetProxy = CED381C329C4A61300AE6E5C /* PBXContainerItemProxy */;
		};
/* End PBXTargetDependency section */

/* Begin XCBuildConfiguration section */
		CED381CA29C4A61300AE6E5C /* Debug */ = {
			isa = XCBuildConfiguration;
			buildSettings = {
				ALWAYS_SEARCH_USER_PATHS = NO;
				CLANG_ANALYZER_NONNULL = YES;
				CLANG_ANALYZER_NUMBER_OBJECT_CONVERSION = YES_AGGRESSIVE;
				CLANG_CXX_LANGUAGE_STANDARD = "gnu++20";
				CLANG_ENABLE_MODULES = YES;
				CLANG_ENABLE_OBJC_ARC = YES;
				CLANG_ENABLE_OBJC_WEAK = YES;
				CLANG_WARN_BLOCK_CAPTURE_AUTORELEASING = YES;
				CLANG_WARN_BOOL_CONVERSION = YES;
				CLANG_WARN_COMMA = YES;
				CLANG_WARN_CONSTANT_CONVERSION = YES;
				CLANG_WARN_DEPRECATED_OBJC_IMPLEMENTATIONS = YES;
				CLANG_WARN_DIRECT_OBJC_ISA_USAGE = YES_ERROR;
				CLANG_WARN_DOCUMENTATION_COMMENTS = YES;
				CLANG_WARN_EMPTY_BODY = YES;
				CLANG_WARN_ENUM_CONVERSION = YES;
				CLANG_WARN_INFINITE_RECURSION = YES;
				CLANG_WARN_INT_CONVERSION = YES;
				CLANG_WARN_NON_LITERAL_NULL_CONVERSION = YES;
				CLANG_WARN_OBJC_IMPLICIT_RETAIN_SELF = YES;
				CLANG_WARN_OBJC_LITERAL_CONVERSION = YES;
				CLANG_WARN_OBJC_ROOT_CLASS = YES_ERROR;
				CLANG_WARN_QUOTED_INCLUDE_IN_FRAMEWORK_HEADER = YES;
				CLANG_WARN_RANGE_LOOP_ANALYSIS = YES;
				CLANG_WARN_STRICT_PROTOTYPES = YES;
				CLANG_WARN_SUSPICIOUS_MOVE = YES;
				CLANG_WARN_UNGUARDED_AVAILABILITY = YES_AGGRESSIVE;
				CLANG_WARN_UNREACHABLE_CODE = YES;
				CLANG_WARN__DUPLICATE_METHOD_MATCH = YES;
				COPY_PHASE_STRIP = NO;
				DEBUG_INFORMATION_FORMAT = dwarf;
				ENABLE_STRICT_OBJC_MSGSEND = YES;
				ENABLE_TESTABILITY = YES;
				GCC_C_LANGUAGE_STANDARD = gnu11;
				GCC_DYNAMIC_NO_PIC = NO;
				GCC_NO_COMMON_BLOCKS = YES;
				GCC_OPTIMIZATION_LEVEL = 0;
				GCC_PREPROCESSOR_DEFINITIONS = (
					"DEBUG=1",
					"$(inherited)",
				);
				GCC_WARN_64_TO_32_BIT_CONVERSION = YES;
				GCC_WARN_ABOUT_RETURN_TYPE = YES_ERROR;
				GCC_WARN_UNDECLARED_SELECTOR = YES;
				GCC_WARN_UNINITIALIZED_AUTOS = YES_AGGRESSIVE;
				GCC_WARN_UNUSED_FUNCTION = YES;
				GCC_WARN_UNUSED_VARIABLE = YES;
				IPHONEOS_DEPLOYMENT_TARGET = 16.2;
				MTL_ENABLE_DEBUG_INFO = INCLUDE_SOURCE;
				MTL_FAST_MATH = YES;
				ONLY_ACTIVE_ARCH = YES;
				SDKROOT = iphoneos;
				SWIFT_ACTIVE_COMPILATION_CONDITIONS = DEBUG;
				SWIFT_OPTIMIZATION_LEVEL = "-Onone";
			};
			name = Debug;
		};
		CED381CB29C4A61300AE6E5C /* Release */ = {
			isa = XCBuildConfiguration;
			buildSettings = {
				ALWAYS_SEARCH_USER_PATHS = NO;
				CLANG_ANALYZER_NONNULL = YES;
				CLANG_ANALYZER_NUMBER_OBJECT_CONVERSION = YES_AGGRESSIVE;
				CLANG_CXX_LANGUAGE_STANDARD = "gnu++20";
				CLANG_ENABLE_MODULES = YES;
				CLANG_ENABLE_OBJC_ARC = YES;
				CLANG_ENABLE_OBJC_WEAK = YES;
				CLANG_WARN_BLOCK_CAPTURE_AUTORELEASING = YES;
				CLANG_WARN_BOOL_CONVERSION = YES;
				CLANG_WARN_COMMA = YES;
				CLANG_WARN_CONSTANT_CONVERSION = YES;
				CLANG_WARN_DEPRECATED_OBJC_IMPLEMENTATIONS = YES;
				CLANG_WARN_DIRECT_OBJC_ISA_USAGE = YES_ERROR;
				CLANG_WARN_DOCUMENTATION_COMMENTS = YES;
				CLANG_WARN_EMPTY_BODY = YES;
				CLANG_WARN_ENUM_CONVERSION = YES;
				CLANG_WARN_INFINITE_RECURSION = YES;
				CLANG_WARN_INT_CONVERSION = YES;
				CLANG_WARN_NON_LITERAL_NULL_CONVERSION = YES;
				CLANG_WARN_OBJC_IMPLICIT_RETAIN_SELF = YES;
				CLANG_WARN_OBJC_LITERAL_CONVERSION = YES;
				CLANG_WARN_OBJC_ROOT_CLASS = YES_ERROR;
				CLANG_WARN_QUOTED_INCLUDE_IN_FRAMEWORK_HEADER = YES;
				CLANG_WARN_RANGE_LOOP_ANALYSIS = YES;
				CLANG_WARN_STRICT_PROTOTYPES = YES;
				CLANG_WARN_SUSPICIOUS_MOVE = YES;
				CLANG_WARN_UNGUARDED_AVAILABILITY = YES_AGGRESSIVE;
				CLANG_WARN_UNREACHABLE_CODE = YES;
				CLANG_WARN__DUPLICATE_METHOD_MATCH = YES;
				COPY_PHASE_STRIP = NO;
				DEBUG_INFORMATION_FORMAT = "dwarf-with-dsym";
				ENABLE_NS_ASSERTIONS = NO;
				ENABLE_STRICT_OBJC_MSGSEND = YES;
				GCC_C_LANGUAGE_STANDARD = gnu11;
				GCC_NO_COMMON_BLOCKS = YES;
				GCC_WARN_64_TO_32_BIT_CONVERSION = YES;
				GCC_WARN_ABOUT_RETURN_TYPE = YES_ERROR;
				GCC_WARN_UNDECLARED_SELECTOR = YES;
				GCC_WARN_UNINITIALIZED_AUTOS = YES_AGGRESSIVE;
				GCC_WARN_UNUSED_FUNCTION = YES;
				GCC_WARN_UNUSED_VARIABLE = YES;
				IPHONEOS_DEPLOYMENT_TARGET = 16.2;
				MTL_ENABLE_DEBUG_INFO = NO;
				MTL_FAST_MATH = YES;
				SDKROOT = iphoneos;
				SWIFT_COMPILATION_MODE = wholemodule;
				SWIFT_OPTIMIZATION_LEVEL = "-O";
				VALIDATE_PRODUCT = YES;
			};
			name = Release;
		};
		CED381CD29C4A61300AE6E5C /* Debug */ = {
			isa = XCBuildConfiguration;
			buildSettings = {
				ASSETCATALOG_COMPILER_APPICON_NAME = AppIcon;
				ASSETCATALOG_COMPILER_GLOBAL_ACCENT_COLOR_NAME = AccentColor;
				CODE_SIGN_STYLE = Automatic;
				CURRENT_PROJECT_VERSION = 1;
				DEVELOPMENT_ASSET_PATHS = "\"BDTender/Preview Content\"";
				ENABLE_PREVIEWS = YES;
				GENERATE_INFOPLIST_FILE = YES;
				INFOPLIST_KEY_UIApplicationSceneManifest_Generation = YES;
				INFOPLIST_KEY_UIApplicationSupportsIndirectInputEvents = YES;
				INFOPLIST_KEY_UILaunchScreen_Generation = YES;
				INFOPLIST_KEY_UISupportedInterfaceOrientations_iPad = "UIInterfaceOrientationPortrait UIInterfaceOrientationPortraitUpsideDown UIInterfaceOrientationLandscapeLeft UIInterfaceOrientationLandscapeRight";
				INFOPLIST_KEY_UISupportedInterfaceOrientations_iPhone = "UIInterfaceOrientationPortrait UIInterfaceOrientationLandscapeLeft UIInterfaceOrientationLandscapeRight";
				LD_RUNPATH_SEARCH_PATHS = (
					"$(inherited)",
					"@executable_path/Frameworks",
				);
				MARKETING_VERSION = 1.0;
				PRODUCT_BUNDLE_IDENTIFIER = com.webytor.BDTender;
				PRODUCT_NAME = "$(TARGET_NAME)";
				SWIFT_EMIT_LOC_STRINGS = YES;
				SWIFT_VERSION = 5.0;
				TARGETED_DEVICE_FAMILY = "1,2";
			};
			name = Debug;
		};
		CED381CE29C4A61300AE6E5C /* Release */ = {
			isa = XCBuildConfiguration;
			buildSettings = {
				ASSETCATALOG_COMPILER_APPICON_NAME = AppIcon;
				ASSETCATALOG_COMPILER_GLOBAL_ACCENT_COLOR_NAME = AccentColor;
				CODE_SIGN_STYLE = Automatic;
				CURRENT_PROJECT_VERSION = 1;
				DEVELOPMENT_ASSET_PATHS = "\"BDTender/Preview Content\"";
				ENABLE_PREVIEWS = YES;
				GENERATE_INFOPLIST_FILE = YES;
				INFOPLIST_KEY_UIApplicationSceneManifest_Generation = YES;
				INFOPLIST_KEY_UIApplicationSupportsIndirectInputEvents = YES;
				INFOPLIST_KEY_UILaunchScreen_Generation = YES;
				INFOPLIST_KEY_UISupportedInterfaceOrientations_iPad = "UIInterfaceOrientationPortrait UIInterfaceOrientationPortraitUpsideDown UIInterfaceOrientationLandscapeLeft UIInterfaceOrientationLandscapeRight";
				INFOPLIST_KEY_UISupportedInterfaceOrientations_iPhone = "UIInterfaceOrientationPortrait UIInterfaceOrientationLandscapeLeft UIInterfaceOrientationLandscapeRight";
				LD_RUNPATH_SEARCH_PATHS = (
					"$(inherited)",
					"@executable_path/Frameworks",
				);
				MARKETING_VERSION = 1.0;
				PRODUCT_BUNDLE_IDENTIFIER = com.webytor.BDTender;
				PRODUCT_NAME = "$(TARGET_NAME)";
				SWIFT_EMIT_LOC_STRINGS = YES;
				SWIFT_VERSION = 5.0;
				TARGETED_DEVICE_FAMILY = "1,2";
			};
			name = Release;
		};
		CED381D029C4A61300AE6E5C /* Debug */ = {
			isa = XCBuildConfiguration;
			buildSettings = {
				ALWAYS_EMBED_SWIFT_STANDARD_LIBRARIES = YES;
				BUNDLE_LOADER = "$(TEST_HOST)";
				CODE_SIGN_STYLE = Automatic;
				CURRENT_PROJECT_VERSION = 1;
				GENERATE_INFOPLIST_FILE = YES;
				IPHONEOS_DEPLOYMENT_TARGET = 16.2;
				MARKETING_VERSION = 1.0;
				PRODUCT_BUNDLE_IDENTIFIER = com.webytor.BDTenderTests;
				PRODUCT_NAME = "$(TARGET_NAME)";
				SWIFT_EMIT_LOC_STRINGS = NO;
				SWIFT_VERSION = 5.0;
				TARGETED_DEVICE_FAMILY = "1,2";
				TEST_HOST = "$(BUILT_PRODUCTS_DIR)/BDTender.app/$(BUNDLE_EXECUTABLE_FOLDER_PATH)/BDTender";
			};
			name = Debug;
		};
		CED381D129C4A61300AE6E5C /* Release */ = {
			isa = XCBuildConfiguration;
			buildSettings = {
				ALWAYS_EMBED_SWIFT_STANDARD_LIBRARIES = YES;
				BUNDLE_LOADER = "$(TEST_HOST)";
				CODE_SIGN_STYLE = Automatic;
				CURRENT_PROJECT_VERSION = 1;
				GENERATE_INFOPLIST_FILE = YES;
				IPHONEOS_DEPLOYMENT_TARGET = 16.2;
				MARKETING_VERSION = 1.0;
				PRODUCT_BUNDLE_IDENTIFIER = com.webytor.BDTenderTests;
				PRODUCT_NAME = "$(TARGET_NAME)";
				SWIFT_EMIT_LOC_STRINGS = NO;
				SWIFT_VERSION = 5.0;
				TARGETED_DEVICE_FAMILY = "1,2";
				TEST_HOST = "$(BUILT_PRODUCTS_DIR)/BDTender.app/$(BUNDLE_EXECUTABLE_FOLDER_PATH)/BDTender";
			};
			name = Release;
		};
		CED381D329C4A61300AE6E5C /* Debug */ = {
			isa = XCBuildConfiguration;
			buildSettings = {
				ALWAYS_EMBED_SWIFT_STANDARD_LIBRARIES = YES;
				CODE_SIGN_STYLE = Automatic;
				CURRENT_PROJECT_VERSION = 1;
				GENERATE_INFOPLIST_FILE = YES;
				MARKETING_VERSION = 1.0;
				PRODUCT_BUNDLE_IDENTIFIER = com.webytor.BDTenderUITests;
				PRODUCT_NAME = "$(TARGET_NAME)";
				SWIFT_EMIT_LOC_STRINGS = NO;
				SWIFT_VERSION = 5.0;
				TARGETED_DEVICE_FAMILY = "1,2";
				TEST_TARGET_NAME = BDTender;
			};
			name = Debug;
		};
		CED381D429C4A61300AE6E5C /* Release */ = {
			isa = XCBuildConfiguration;
			buildSettings = {
				ALWAYS_EMBED_SWIFT_STANDARD_LIBRARIES = YES;
				CODE_SIGN_STYLE = Automatic;
				CURRENT_PROJECT_VERSION = 1;
				GENERATE_INFOPLIST_FILE = YES;
				MARKETING_VERSION = 1.0;
				PRODUCT_BUNDLE_IDENTIFIER = com.webytor.BDTenderUITests;
				PRODUCT_NAME = "$(TARGET_NAME)";
				SWIFT_EMIT_LOC_STRINGS = NO;
				SWIFT_VERSION = 5.0;
				TARGETED_DEVICE_FAMILY = "1,2";
				TEST_TARGET_NAME = BDTender;
			};
			name = Release;
		};
/* End XCBuildConfiguration section */

/* Begin XCConfigurationList section */
		CED381A329C4A61000AE6E5C /* Build configuration list for PBXProject "BDTender" */ = {
			isa = XCConfigurationList;
			buildConfigurations = (
				CED381CA29C4A61300AE6E5C /* Debug */,
				CED381CB29C4A61300AE6E5C /* Release */,
			);
			defaultConfigurationIsVisible = 0;
			defaultConfigurationName = Release;
		};
		CED381CC29C4A61300AE6E5C /* Build configuration list for PBXNativeTarget "BDTender" */ = {
			isa = XCConfigurationList;
			buildConfigurations = (
				CED381CD29C4A61300AE6E5C /* Debug */,
				CED381CE29C4A61300AE6E5C /* Release */,
			);
			defaultConfigurationIsVisible = 0;
			defaultConfigurationName = Release;
		};
		CED381CF29C4A61300AE6E5C /* Build configuration list for PBXNativeTarget "BDTenderTests" */ = {
			isa = XCConfigurationList;
			buildConfigurations = (
				CED381D029C4A61300AE6E5C /* Debug */,
				CED381D129C4A61300AE6E5C /* Release */,
			);
			defaultConfigurationIsVisible = 0;
			defaultConfigurationName = Release;
		};
		CED381D229C4A61300AE6E5C /* Build configuration list for PBXNativeTarget "BDTenderUITests" */ = {
			isa = XCConfigurationList;
			buildConfigurations = (
				CED381D329C4A61300AE6E5C /* Debug */,
				CED381D429C4A61300AE6E5C /* Release */,
			);
			defaultConfigurationIsVisible = 0;
			defaultConfigurationName = Release;
		};
/* End XCConfigurationList section */
	};
	rootObject = CED381A029C4A61000AE6E5C /* Project object */;
}
